Microsoft Visual Studio Solution File, Format Version 12.00
# Visual Studio 15
VisualStudioVersion = 15.0.27703.2026
MinimumVisualStudioVersion = 10.0.40219.1
Project("{8BC9CEB8-8B4A-11D0-8D11-00A0C91BC942}") = "lua5", "3rdParty\lua5.vcxproj", "{1723278A-87B8-4860-A9D2-207630C69DF5}"
	ProjectSection(ProjectDependencies) = postProject
		{D2DA6031-01BB-442A-B827-866564500282} = {D2DA6031-01BB-442A-B827-866564500282}
	EndProjectSection
EndProject
Project("{8BC9CEB8-8B4A-11D0-8D11-00A0C91BC942}") = "lualib5", "3rdParty\lualib5.vcxproj", "{D2DA6031-01BB-442A-B827-866564500282}"
EndProject
Project("{8BC9CEB8-8B4A-11D0-8D11-00A0C91BC942}") = "lua4", "3rdParty\lua4.vcxproj", "{E20526D8-F130-4B26-A90B-59B5C400D6E5}"
	ProjectSection(ProjectDependencies) = postProject
		{89B226DE-923F-4F04-ABDF-2705B7B46610} = {89B226DE-923F-4F04-ABDF-2705B7B46610}
	EndProjectSection
EndProject
Project("{8BC9CEB8-8B4A-11D0-8D11-00A0C91BC942}") = "lualib4", "3rdParty\lualib4.vcxproj", "{89B226DE-923F-4F04-ABDF-2705B7B46610}"
EndProject
Project("{8BC9CEB8-8B4A-11D0-8D11-00A0C91BC942}") = "luac4", "3rdParty\luac4.vcxproj", "{541EFD93-ACF9-4D12-967A-C1B440B5F260}"
	ProjectSection(ProjectDependencies) = postProject
		{89B226DE-923F-4F04-ABDF-2705B7B46610} = {89B226DE-923F-4F04-ABDF-2705B7B46610}
	EndProjectSection
EndProject
Project("{8BC9CEB8-8B4A-11D0-8D11-00A0C91BC942}") = "luac5", "3rdParty\luac5.vcxproj", "{31DEE497-5058-4E29-932C-A0E9D72FCEFE}"
	ProjectSection(ProjectDependencies) = postProject
		{D2DA6031-01BB-442A-B827-866564500282} = {D2DA6031-01BB-442A-B827-866564500282}
	EndProjectSection
EndProject
Project("{2150E333-8FDC-42A3-9474-1A3956D46DE8}") = "lua-4.0.1", "lua-4.0.1", "{38BEB980-0A39-4C8B-AFDB-ABA23EFBF264}"
EndProject
Project("{2150E333-8FDC-42A3-9474-1A3956D46DE8}") = "lua-5.0.0", "lua-5.0.0", "{992DB5AE-E56A-41D9-8A4E-EBB6758A61B9}"
EndProject
Global
	GlobalSection(SolutionConfigurationPlatforms) = preSolution
		Debug|x86 = Debug|x86
		Release|x86 = Release|x86
	EndGlobalSection
	GlobalSection(ProjectConfigurationPlatforms) = postSolution
		{1723278A-87B8-4860-A9D2-207630C69DF5}.Debug|x86.ActiveCfg = Debug|Win32
		{1723278A-87B8-4860-A9D2-207630C69DF5}.Debug|x86.Build.0 = Debug|Win32
		{1723278A-87B8-4860-A9D2-207630C69DF5}.Release|x86.ActiveCfg = Release|Win32
		{1723278A-87B8-4860-A9D2-207630C69DF5}.Release|x86.Build.0 = Release|Win32
		{D2DA6031-01BB-442A-B827-866564500282}.Debug|x86.ActiveCfg = Debug|Win32
		{D2DA6031-01BB-442A-B827-866564500282}.Debug|x86.Build.0 = Debug|Win32
		{D2DA6031-01BB-442A-B827-866564500282}.Release|x86.ActiveCfg = Release|Win32
		{D2DA6031-01BB-442A-B827-866564500282}.Release|x86.Build.0 = Release|Win32
		{E20526D8-F130-4B26-A90B-59B5C400D6E5}.Debug|x86.ActiveCfg = debug|Win32
		{E20526D8-F130-4B26-A90B-59B5C400D6E5}.Debug|x86.Build.0 = debug|Win32
		{E20526D8-F130-4B26-A90B-59B5C400D6E5}.Release|x86.ActiveCfg = release|Win32
		{E20526D8-F130-4B26-A90B-59B5C400D6E5}.Release|x86.Build.0 = release|Win32
		{89B226DE-923F-4F04-ABDF-2705B7B46610}.Debug|x86.ActiveCfg = debug|Win32
		{89B226DE-923F-4F04-ABDF-2705B7B46610}.Debug|x86.Build.0 = debug|Win32
		{89B226DE-923F-4F04-ABDF-2705B7B46610}.Release|x86.ActiveCfg = release|Win32
		{89B226DE-923F-4F04-ABDF-2705B7B46610}.Release|x86.Build.0 = release|Win32
		{541EFD93-ACF9-4D12-967A-C1B440B5F260}.Debug|x86.ActiveCfg = debug|Win32
		{541EFD93-ACF9-4D12-967A-C1B440B5F260}.Debug|x86.Build.0 = debug|Win32
		{541EFD93-ACF9-4D12-967A-C1B440B5F260}.Release|x86.ActiveCfg = release|Win32
		{541EFD93-ACF9-4D12-967A-C1B440B5F260}.Release|x86.Build.0 = release|Win32
		{31DEE497-5058-4E29-932C-A0E9D72FCEFE}.Debug|x86.ActiveCfg = debug|Win32
		{31DEE497-5058-4E29-932C-A0E9D72FCEFE}.Debug|x86.Build.0 = debug|Win32
		{31DEE497-5058-4E29-932C-A0E9D72FCEFE}.Release|x86.ActiveCfg = release|Win32
		{31DEE497-5058-4E29-932C-A0E9D72FCEFE}.Release|x86.Build.0 = release|Win32
	EndGlobalSection
	GlobalSection(SolutionProperties) = preSolution
		HideSolutionNode = FALSE
	EndGlobalSection
	GlobalSection(NestedProjects) = preSolution
		{1723278A-87B8-4860-A9D2-207630C69DF5} = {992DB5AE-E56A-41D9-8A4E-EBB6758A61B9}
		{D2DA6031-01BB-442A-B827-866564500282} = {992DB5AE-E56A-41D9-8A4E-EBB6758A61B9}
		{E20526D8-F130-4B26-A90B-59B5C400D6E5} = {38BEB980-0A39-4C8B-AFDB-ABA23EFBF264}
		{89B226DE-923F-4F04-ABDF-2705B7B46610} = {38BEB980-0A39-4C8B-AFDB-ABA23EFBF264}
		{541EFD93-ACF9-4D12-967A-C1B440B5F260} = {38BEB980-0A39-4C8B-AFDB-ABA23EFBF264}
		{31DEE497-5058-4E29-932C-A0E9D72FCEFE} = {992DB5AE-E56A-41D9-8A4E-EBB6758A61B9}
	EndGlobalSection
	GlobalSection(ExtensibilityGlobals) = postSolution
		SolutionGuid = {A507865B-68DE-4FDC-8D9F-084BDA02479B}
	EndGlobalSection
EndGlobal
