<?xml version="1.0" encoding="utf-8"?>
<Project ToolsVersion="4.0" xmlns="http://schemas.microsoft.com/developer/msbuild/2003">
  <ItemGroup>
    <Filter Include="Source Files">
      <UniqueIdentifier>{4FC737F1-C7A5-4376-A066-2A32D752A2FF}</UniqueIdentifier>
      <Extensions>cpp;c;cxx;def;odl;idl;hpj;bat;asm;asmx</Extensions>
    </Filter>
    <Filter Include="Header Files">
      <UniqueIdentifier>{93995380-89BD-4b04-88EB-625FBE52EBFB}</UniqueIdentifier>
      <Extensions>h;hpp;hxx;hm;inl;inc;xsd</Extensions>
    </Filter>
    <Filter Include="Resource Files">
      <UniqueIdentifier>{67DA6AB6-F800-4c08-8B7A-83BB121AAD01}</UniqueIdentifier>
      <Extensions>rc;ico;cur;bmp;dlg;rc2;rct;bin;rgs;gif;jpg;jpeg;jpe;resx</Extensions>
    </Filter>
    <Filter Include="Interface">
      <UniqueIdentifier>{74a2d996-f0a8-4699-bfbc-4d64e29ccd27}</UniqueIdentifier>
    </Filter>
  </ItemGroup>
  <ItemGroup>
    <ClCompile Include="src\ActionEvent.cpp">
      <Filter>Source Files</Filter>
    </ClCompile>
    <ClCompile Include="src\ActionListenerList.cpp">
      <Filter>Source Files</Filter>
    </ClCompile>
    <ClCompile Include="src\CToolTip.cpp">
      <Filter>Source Files</Filter>
    </ClCompile>
    <ClCompile Include="src\ITControl.cpp">
      <Filter>Source Files</Filter>
    </ClCompile>
    <ClCompile Include="src\JComboBox.cpp">
      <Filter>Source Files</Filter>
    </ClCompile>
    <ClCompile Include="src\JContainer.cpp">
      <Filter>Source Files</Filter>
    </ClCompile>
    <ClCompile Include="src\JLetter.cpp">
      <Filter>Source Files</Filter>
    </ClCompile>
    <ClCompile Include="src\JListBox.cpp">
      <Filter>Source Files</Filter>
    </ClCompile>
    <ClCompile Include="src\JString.cpp">
      <Filter>Source Files</Filter>
    </ClCompile>
    <ClCompile Include="src\JStringParser.cpp">
      <Filter>Source Files</Filter>
    </ClCompile>
    <ClCompile Include="src\JTable.cpp">
      <Filter>Source Files</Filter>
    </ClCompile>
    <ClCompile Include="src\ResourceMgr.cpp">
      <Filter>Source Files</Filter>
    </ClCompile>
    <ClCompile Include="src\SinglelineString.cpp">
      <Filter>Source Files</Filter>
    </ClCompile>
    <ClCompile Include="src\SplitHangul.cpp">
      <Filter>Source Files</Filter>
    </ClCompile>
    <ClCompile Include="src\stdafx.cpp">
      <Filter>Source Files</Filter>
    </ClCompile>
    <ClCompile Include="src\TabbedPane.cpp">
      <Filter>Source Files</Filter>
    </ClCompile>
    <ClCompile Include="src\TAnimation.cpp">
      <Filter>Source Files</Filter>
    </ClCompile>
    <ClCompile Include="src\TButton.cpp">
      <Filter>Source Files</Filter>
    </ClCompile>
    <ClCompile Include="src\TCandidateWindow.cpp">
      <Filter>Source Files</Filter>
    </ClCompile>
    <ClCompile Include="src\TCandidateWindowHanja.cpp">
      <Filter>Source Files</Filter>
    </ClCompile>
    <ClCompile Include="src\TCandidateWindowList.cpp">
      <Filter>Source Files</Filter>
    </ClCompile>
    <ClCompile Include="src\TCaption.cpp">
      <Filter>Source Files</Filter>
    </ClCompile>
    <ClCompile Include="src\TCheckBox.cpp">
      <Filter>Source Files</Filter>
    </ClCompile>
    <ClCompile Include="src\TComboBox.cpp">
      <Filter>Source Files</Filter>
    </ClCompile>
    <ClCompile Include="src\TCommand.cpp">
      <Filter>Source Files</Filter>
    </ClCompile>
    <ClCompile Include="src\TCommandQ.cpp">
      <Filter>Source Files</Filter>
    </ClCompile>
    <ClCompile Include="src\TContainer.cpp">
      <Filter>Source Files</Filter>
    </ClCompile>
    <ClCompile Include="src\TContainerItem.cpp">
      <Filter>Source Files</Filter>
    </ClCompile>
    <ClCompile Include="src\TControlMgr.cpp">
      <Filter>Source Files</Filter>
    </ClCompile>
    <ClCompile Include="src\TDefaultListCellRenderer.cpp">
      <Filter>Source Files</Filter>
    </ClCompile>
    <ClCompile Include="src\TDefaultTreeModel.cpp">
      <Filter>Source Files</Filter>
    </ClCompile>
    <ClCompile Include="src\TDefaultTreeNode.cpp">
      <Filter>Source Files</Filter>
    </ClCompile>
    <ClCompile Include="src\TDefaultTreeNodeRenderer.cpp">
      <Filter>Source Files</Filter>
    </ClCompile>
    <ClCompile Include="src\TDialog.cpp">
      <Filter>Source Files</Filter>
    </ClCompile>
    <ClCompile Include="src\TEditBox.cpp">
      <Filter>Source Files</Filter>
    </ClCompile>
    <ClCompile Include="src\TFrame.cpp">
      <Filter>Source Files</Filter>
    </ClCompile>
    <ClCompile Include="src\TGameCtrl.cpp">
      <Filter>Source Files</Filter>
    </ClCompile>
    <ClCompile Include="src\TGuage.cpp">
      <Filter>Source Files</Filter>
    </ClCompile>
    <ClCompile Include="src\TImage.cpp">
      <Filter>Source Files</Filter>
    </ClCompile>
    <ClCompile Include="src\TTIme.cpp">
      <Filter>Source Files</Filter>
    </ClCompile>
    <ClCompile Include="src\TListBox.cpp">
      <Filter>Source Files</Filter>
    </ClCompile>
    <ClCompile Include="src\TListCellRenderer.cpp">
      <Filter>Source Files</Filter>
    </ClCompile>
    <ClCompile Include="src\TMsgBox.cpp">
      <Filter>Source Files</Filter>
    </ClCompile>
    <ClCompile Include="src\TObject.cpp">
      <Filter>Source Files</Filter>
    </ClCompile>
    <ClCompile Include="src\TPane.cpp">
      <Filter>Source Files</Filter>
    </ClCompile>
    <ClCompile Include="src\TPushButton.cpp">
      <Filter>Source Files</Filter>
    </ClCompile>
    <ClCompile Include="src\TRadioBox.cpp">
      <Filter>Source Files</Filter>
    </ClCompile>
    <ClCompile Include="src\TRadioButton.cpp">
      <Filter>Source Files</Filter>
    </ClCompile>
    <ClCompile Include="src\Tree.cpp">
      <Filter>Source Files</Filter>
    </ClCompile>
    <ClCompile Include="src\TreePath.cpp">
      <Filter>Source Files</Filter>
    </ClCompile>
    <ClCompile Include="src\TScrollBar.cpp">
      <Filter>Source Files</Filter>
    </ClCompile>
    <ClCompile Include="src\TScrollBarType.cpp">
      <Filter>Source Files</Filter>
    </ClCompile>
    <ClCompile Include="src\TScrollBox.cpp">
      <Filter>Source Files</Filter>
    </ClCompile>
    <ClCompile Include="src\TScrollBoxType.cpp">
      <Filter>Source Files</Filter>
    </ClCompile>
    <ClCompile Include="src\TSplitString.cpp">
      <Filter>Source Files</Filter>
    </ClCompile>
    <ClCompile Include="src\TStatic.cpp">
      <Filter>Source Files</Filter>
    </ClCompile>
    <ClCompile Include="src\TStatusBar.cpp">
      <Filter>Source Files</Filter>
    </ClCompile>
    <ClCompile Include="src\WinCtrl.cpp">
      <Filter>Source Files</Filter>
    </ClCompile>
    <ClCompile Include="src\ZListBox.cpp">
      <Filter>Source Files</Filter>
    </ClCompile>
  </ItemGroup>
  <ItemGroup>
    <ClInclude Include="include\tgamectrl\ActionEvent.h">
      <Filter>Header Files</Filter>
    </ClInclude>
    <ClInclude Include="include\tgamectrl\ActionListenerList.h">
      <Filter>Header Files</Filter>
    </ClInclude>
    <ClInclude Include="include\tgamectrl\CToolTip.h">
      <Filter>Header Files</Filter>
    </ClInclude>
    <ClInclude Include="include\tgamectrl\IActionListener.h">
      <Filter>Header Files</Filter>
    </ClInclude>
    <ClInclude Include="include\tgamectrl\IListCellRenderer.h">
      <Filter>Header Files</Filter>
    </ClInclude>
    <ClInclude Include="include\tgamectrl\IScrollModel.h">
      <Filter>Header Files</Filter>
    </ClInclude>
    <ClInclude Include="include\tgamectrl\ITControl.h">
      <Filter>Header Files</Filter>
    </ClInclude>
    <ClInclude Include="include\tgamectrl\ITDraw.h">
      <Filter>Header Files</Filter>
    </ClInclude>
    <ClInclude Include="include\tgamectrl\ITFont.h">
      <Filter>Header Files</Filter>
    </ClInclude>
    <ClInclude Include="include\tgamectrl\ITreeModel.h">
      <Filter>Header Files</Filter>
    </ClInclude>
    <ClInclude Include="include\tgamectrl\ITreeNode.h">
      <Filter>Header Files</Filter>
    </ClInclude>
    <ClInclude Include="include\tgamectrl\ITreeNodeRenderer.h">
      <Filter>Header Files</Filter>
    </ClInclude>
    <ClInclude Include="include\tgamectrl\ITSound.h">
      <Filter>Header Files</Filter>
    </ClInclude>
    <ClInclude Include="include\tgamectrl\JComboBox.h">
      <Filter>Header Files</Filter>
    </ClInclude>
    <ClInclude Include="include\tgamectrl\JContainer.h">
      <Filter>Header Files</Filter>
    </ClInclude>
    <ClInclude Include="include\tgamectrl\JLetter.h">
      <Filter>Header Files</Filter>
    </ClInclude>
    <ClInclude Include="include\tgamectrl\JListBox.h">
      <Filter>Header Files</Filter>
    </ClInclude>
    <ClInclude Include="include\tgamectrl\JString.h">
      <Filter>Header Files</Filter>
    </ClInclude>
    <ClInclude Include="include\tgamectrl\JStringParser.h">
      <Filter>Header Files</Filter>
    </ClInclude>
    <ClInclude Include="include\tgamectrl\JTable.h">
      <Filter>Header Files</Filter>
    </ClInclude>
    <ClInclude Include="include\tgamectrl\ResourceMgr.h">
      <Filter>Header Files</Filter>
    </ClInclude>
    <ClInclude Include="include\tgamectrl\SinglelineString.h">
      <Filter>Header Files</Filter>
    </ClInclude>
    <ClInclude Include="include\tgamectrl\SplitHangul.h">
      <Filter>Header Files</Filter>
    </ClInclude>
    <ClInclude Include="include\tgamectrl\TabbedPane.h">
      <Filter>Header Files</Filter>
    </ClInclude>
    <ClInclude Include="include\tgamectrl\TAnimation.h">
      <Filter>Header Files</Filter>
    </ClInclude>
    <ClInclude Include="include\tgamectrl\TButton.h">
      <Filter>Header Files</Filter>
    </ClInclude>
    <ClInclude Include="include\tgamectrl\TCandidateWindow.h">
      <Filter>Header Files</Filter>
    </ClInclude>
    <ClInclude Include="include\tgamectrl\TCandidateWindowHanja.h">
      <Filter>Header Files</Filter>
    </ClInclude>
    <ClInclude Include="include\tgamectrl\TCandidateWindowList.h">
      <Filter>Header Files</Filter>
    </ClInclude>
    <ClInclude Include="include\tgamectrl\TCaption.h">
      <Filter>Header Files</Filter>
    </ClInclude>
    <ClInclude Include="include\tgamectrl\TCheckBox.h">
      <Filter>Header Files</Filter>
    </ClInclude>
    <ClInclude Include="include\tgamectrl\TComboBox.h">
      <Filter>Header Files</Filter>
    </ClInclude>
    <ClInclude Include="include\tgamectrl\TCommand.h">
      <Filter>Header Files</Filter>
    </ClInclude>
    <ClInclude Include="include\tgamectrl\TCommandQ.h">
      <Filter>Header Files</Filter>
    </ClInclude>
    <ClInclude Include="include\tgamectrl\TContainer.h">
      <Filter>Header Files</Filter>
    </ClInclude>
    <ClInclude Include="include\tgamectrl\TContainerItem.h">
      <Filter>Header Files</Filter>
    </ClInclude>
    <ClInclude Include="include\tgamectrl\TControlMgr.h">
      <Filter>Header Files</Filter>
    </ClInclude>
    <ClInclude Include="include\tgamectrl\TDefaultListCellRenderer.h">
      <Filter>Header Files</Filter>
    </ClInclude>
    <ClInclude Include="include\tgamectrl\TDefaultTreeModel.h">
      <Filter>Header Files</Filter>
    </ClInclude>
    <ClInclude Include="include\tgamectrl\TDefaultTreeNode.h">
      <Filter>Header Files</Filter>
    </ClInclude>
    <ClInclude Include="include\tgamectrl\TDefaultTreeNodeRenderer.h">
      <Filter>Header Files</Filter>
    </ClInclude>
    <ClInclude Include="include\tgamectrl\TDialog.h">
      <Filter>Header Files</Filter>
    </ClInclude>
    <ClInclude Include="include\tgamectrl\TEditBox.h">
      <Filter>Header Files</Filter>
    </ClInclude>
    <ClInclude Include="include\tgamectrl\TFrame.h">
      <Filter>Header Files</Filter>
    </ClInclude>
    <ClInclude Include="include\tgamectrl\TGameCtrl.h">
      <Filter>Header Files</Filter>
    </ClInclude>
    <ClInclude Include="include\tgamectrl\TGuage.h">
      <Filter>Header Files</Filter>
    </ClInclude>
    <ClInclude Include="include\tgamectrl\TImage.h">
      <Filter>Header Files</Filter>
    </ClInclude>
    <ClInclude Include="include\tgamectrl\TTIme.h">
      <Filter>Header Files</Filter>
    </ClInclude>
    <ClInclude Include="include\tgamectrl\TListBox.h">
      <Filter>Header Files</Filter>
    </ClInclude>
    <ClInclude Include="include\tgamectrl\TListCellRenderer.h">
      <Filter>Header Files</Filter>
    </ClInclude>
    <ClInclude Include="include\tgamectrl\TMsgBox.h">
      <Filter>Header Files</Filter>
    </ClInclude>
    <ClInclude Include="include\tgamectrl\TObject.h">
      <Filter>Header Files</Filter>
    </ClInclude>
    <ClInclude Include="include\tgamectrl\TPane.h">
      <Filter>Header Files</Filter>
    </ClInclude>
    <ClInclude Include="include\tgamectrl\TPushButton.h">
      <Filter>Header Files</Filter>
    </ClInclude>
    <ClInclude Include="include\tgamectrl\TRadioBox.h">
      <Filter>Header Files</Filter>
    </ClInclude>
    <ClInclude Include="include\tgamectrl\TRadioButton.h">
      <Filter>Header Files</Filter>
    </ClInclude>
    <ClInclude Include="include\tgamectrl\Tree.h">
      <Filter>Header Files</Filter>
    </ClInclude>
    <ClInclude Include="include\tgamectrl\TreePath.h">
      <Filter>Header Files</Filter>
    </ClInclude>
    <ClInclude Include="include\tgamectrl\TScrollBar.h">
      <Filter>Header Files</Filter>
    </ClInclude>
    <ClInclude Include="include\tgamectrl\TScrollBarType.h">
      <Filter>Header Files</Filter>
    </ClInclude>
    <ClInclude Include="include\tgamectrl\TScrollBox.h">
      <Filter>Header Files</Filter>
    </ClInclude>
    <ClInclude Include="include\tgamectrl\TScrollBoxType.h">
      <Filter>Header Files</Filter>
    </ClInclude>
    <ClInclude Include="include\tgamectrl\TSplitString.h">
      <Filter>Header Files</Filter>
    </ClInclude>
    <ClInclude Include="include\tgamectrl\TStatic.h">
      <Filter>Header Files</Filter>
    </ClInclude>
    <ClInclude Include="include\tgamectrl\TStatusBar.h">
      <Filter>Header Files</Filter>
    </ClInclude>
    <ClInclude Include="include\tgamectrl\WinCtrl.h">
      <Filter>Header Files</Filter>
    </ClInclude>
    <ClInclude Include="include\tgamectrl\ZListBox.h">
      <Filter>Header Files</Filter>
    </ClInclude>
    <ClInclude Include="src\stdafx.h">
      <Filter>Header Files</Filter>
    </ClInclude>
    <ClInclude Include="res\resource.h">
      <Filter>Resource Files</Filter>
    </ClInclude>
  </ItemGroup>
  <ItemGroup>
    <ResourceCompile Include="res\tgamectrl.rc">
      <Filter>Resource Files</Filter>
    </ResourceCompile>
  </ItemGroup>
  <ItemGroup>
    <Xml Include="xml\DlgAvata.xml">
      <Filter>Interface</Filter>
    </Xml>
    <Xml Include="xml\DlgBase.xml">
      <Filter>Interface</Filter>
    </Xml>
    <Xml Include="xml\DlgChat.xml">
      <Filter>Interface</Filter>
    </Xml>
    <Xml Include="xml\DlgDeal.xml">
      <Filter>Interface</Filter>
    </Xml>
    <Xml Include="xml\DlgDrop.xml">
      <Filter>Interface</Filter>
    </Xml>
    <Xml Include="xml\DlgExchange.xml">
      <Filter>Interface</Filter>
    </Xml>
    <Xml Include="xml\DlgInven.xml">
      <Filter>Interface</Filter>
    </Xml>
    <Xml Include="xml\DlgMinimap.xml">
      <Filter>Interface</Filter>
    </Xml>
    <Xml Include="xml\DlgMsg.xml">
      <Filter>Interface</Filter>
    </Xml>
    <Xml Include="xml\DlgQuery.xml">
      <Filter>Interface</Filter>
    </Xml>
    <Xml Include="xml\DlgQuickBar.xml">
      <Filter>Interface</Filter>
    </Xml>
    <Xml Include="xml\DlgRestart.xml">
      <Filter>Interface</Filter>
    </Xml>
    <Xml Include="xml\DlgStore.xml">
      <Filter>Interface</Filter>
    </Xml>
    <Xml Include="xml\DlgSystem.xml">
      <Filter>Interface</Filter>
    </Xml>
    <Xml Include="xml\DlgTarget.xml">
      <Filter>Interface</Filter>
    </Xml>
  </ItemGroup>
</Project>