<?xml version="1.0" encoding="utf-8"?>
<Project ToolsVersion="4.0" xmlns="http://schemas.microsoft.com/developer/msbuild/2003">
  <ItemGroup>
    <Filter Include="Source files">
      <UniqueIdentifier>{01337f90-9fdc-45ce-9908-10b6e3e2e59b}</UniqueIdentifier>
      <Extensions>cpp;c;cxx;def;odl;idl;hpj;bat;asm</Extensions>
    </Filter>
    <Filter Include="Header files">
      <UniqueIdentifier>{a89be975-b8c8-4a45-8fe7-495415f66223}</UniqueIdentifier>
      <Extensions>h;hpp;hxx;hm;inl;inc</Extensions>
    </Filter>
    <Filter Include="Resource files">
      <UniqueIdentifier>{2d1ffd46-8ef2-4217-b431-d9003bd47745}</UniqueIdentifier>
      <Extensions>rc;ico;cur;bmp;dlg;rc2;rct;bin;rgs;gif;jpg;jpeg;jpe</Extensions>
    </Filter>
    <Filter Include="Sample">
      <UniqueIdentifier>{a004b75c-5080-48a5-a8fe-913920c4011f}</UniqueIdentifier>
    </Filter>
  </ItemGroup>
  <ItemGroup>
    <ClCompile Include="src\BlankInfo.cpp">
      <Filter>Source files</Filter>
    </ClCompile>
    <ClCompile Include="src\classCRC.cpp">
      <Filter>Source files</Filter>
    </ClCompile>
    <ClCompile Include="src\ErrorEtc.cpp">
      <Filter>Source files</Filter>
    </ClCompile>
    <ClCompile Include="src\libCrc.cpp">
      <Filter>Source files</Filter>
    </ClCompile>
    <ClCompile Include="src\libFile.cpp">
      <Filter>Source files</Filter>
    </ClCompile>
    <ClCompile Include="src\libString.cpp">
      <Filter>Source files</Filter>
    </ClCompile>
    <ClCompile Include="src\stdafx.cpp">
      <Filter>Source files</Filter>
    </ClCompile>
    <ClCompile Include="src\TriggerVFS.cpp">
      <Filter>Source files</Filter>
    </ClCompile>
    <ClCompile Include="src\VFS.cpp">
      <Filter>Source files</Filter>
    </ClCompile>
    <ClCompile Include="src\VFS_Manager.cpp">
      <Filter>Source files</Filter>
    </ClCompile>
  </ItemGroup>
  <ItemGroup>
    <ClInclude Include="src\ErrorEtc.h">
      <Filter>Source files</Filter>
    </ClInclude>
    <ClInclude Include="src\libFile.h">
      <Filter>Source files</Filter>
    </ClInclude>
    <ClInclude Include="src\stdafx.h">
      <Filter>Source files</Filter>
    </ClInclude>
    <ClInclude Include="src\VFS.h">
      <Filter>Source files</Filter>
    </ClInclude>
    <ClInclude Include="src\BlankInfo.h">
      <Filter>Header files</Filter>
    </ClInclude>
    <ClInclude Include="src\classCRC.h">
      <Filter>Header files</Filter>
    </ClInclude>
    <ClInclude Include="..\..\Client\Util\classHASH.h">
      <Filter>Header files</Filter>
    </ClInclude>
    <ClInclude Include="src\libCrc.h">
      <Filter>Header files</Filter>
    </ClInclude>
    <ClInclude Include="src\libString.h">
      <Filter>Header files</Filter>
    </ClInclude>
    <ClInclude Include="resource1.h">
      <Filter>Header files</Filter>
    </ClInclude>
    <ClInclude Include="include\TriggerVFS.h">
      <Filter>Header files</Filter>
    </ClInclude>
    <ClInclude Include="src\VFS_Manager.h">
      <Filter>Header files</Filter>
    </ClInclude>
  </ItemGroup>
  <ItemGroup>
    <ResourceCompile Include="TriggerVFS1.rc">
      <Filter>Resource files</Filter>
    </ResourceCompile>
  </ItemGroup>
  <ItemGroup>
    <Text Include="ReadMe.txt" />
  </ItemGroup>
</Project>