<?xml version="1.0" encoding="utf-8"?>
<Project ToolsVersion="4.0" xmlns="http://schemas.microsoft.com/developer/msbuild/2003">
  <ItemGroup>
    <Filter Include="Source Files">
      <UniqueIdentifier>{579c8a9a-9286-4448-8705-8f5c84a92bd5}</UniqueIdentifier>
      <Extensions>cpp;c;cxx;rc;def;r;odl;idl;hpj;bat</Extensions>
    </Filter>
    <Filter Include="Source Files\Network">
      <UniqueIdentifier>{033c5033-b047-41bb-ac3d-eb85eff9eec4}</UniqueIdentifier>
    </Filter>
    <Filter Include="Source Files\Thread">
      <UniqueIdentifier>{e5742e5d-addb-4042-86d7-ce307ddf3019}</UniqueIdentifier>
    </Filter>
    <Filter Include="Source Files\OGG">
      <UniqueIdentifier>{f130b1be-6175-4273-b860-0424df12251f}</UniqueIdentifier>
    </Filter>
    <Filter Include="Source Files\Trace">
      <UniqueIdentifier>{50e71e9d-c350-482c-a9b8-34fd8d8b151a}</UniqueIdentifier>
    </Filter>
    <Filter Include="Header Files">
      <UniqueIdentifier>{69d34e73-c45f-4fbe-b8e5-c32c6eb18f2c}</UniqueIdentifier>
      <Extensions>h;hpp;hxx;hm;inl</Extensions>
    </Filter>
  </ItemGroup>
  <ItemGroup>
    <ClInclude Include="AStrTABLE.h">
      <Filter>Source Files</Filter>
    </ClInclude>
    <ClInclude Include="classFile.h">
      <Filter>Source Files</Filter>
    </ClInclude>
    <ClInclude Include="classSYS.h">
      <Filter>Source Files</Filter>
    </ClInclude>
    <ClInclude Include="CProcess.h">
      <Filter>Source Files</Filter>
    </ClInclude>
    <ClInclude Include="CRandom.h">
      <Filter>Source Files</Filter>
    </ClInclude>
    <ClInclude Include="..\Client\Util\CClientSOCKET.h">
      <Filter>Source Files\Network</Filter>
    </ClInclude>
    <ClInclude Include="CPacketCODEC.h">
      <Filter>Source Files\Network</Filter>
    </ClInclude>
    <ClInclude Include="..\Client\Util\CRawSOCKET.h">
      <Filter>Source Files\Network</Filter>
    </ClInclude>
    <ClInclude Include="..\Client\Util\CshoSOCKET.h">
      <Filter>Source Files\Network</Filter>
    </ClInclude>
    <ClInclude Include="..\Client\Util\CSocket.h">
      <Filter>Source Files\Network</Filter>
    </ClInclude>
    <ClInclude Include="..\Client\Util\CSocketWND.h">
      <Filter>Source Files\Network</Filter>
    </ClInclude>
    <ClInclude Include="..\Client\Util\PacketHEADER.h">
      <Filter>Source Files\Network</Filter>
    </ClInclude>
    <ClInclude Include="classSYNCOBJ.h">
      <Filter>Source Files\Thread</Filter>
    </ClInclude>
    <ClInclude Include="classTHREAD.h">
      <Filter>Source Files\Thread</Filter>
    </ClInclude>
    <ClInclude Include="classTRACE.h">
      <Filter>Source Files\Trace</Filter>
    </ClInclude>
    <ClInclude Include="..\Client\Util\CBITArray.h">
      <Filter>Header Files</Filter>
    </ClInclude>
    <ClInclude Include="CDXHPC.H">
      <Filter>Header Files</Filter>
    </ClInclude>
    <ClInclude Include="classCRC.h">
      <Filter>Header Files</Filter>
    </ClInclude>
    <ClInclude Include="..\Client\Util\classHASH.h">
      <Filter>Header Files</Filter>
    </ClInclude>
    <ClInclude Include="..\Client\Util\classHTTP.h">
      <Filter>Header Files</Filter>
    </ClInclude>
    <ClInclude Include="..\Client\Util\classIME.h">
      <Filter>Header Files</Filter>
    </ClInclude>
    <ClInclude Include="..\Client\Util\classLOG.h">
      <Filter>Header Files</Filter>
    </ClInclude>
    <ClInclude Include="..\Client\Util\classLUA.h">
      <Filter>Header Files</Filter>
    </ClInclude>
    <ClInclude Include="..\Client\Util\classMD5.h">
      <Filter>Header Files</Filter>
    </ClInclude>
    <ClInclude Include="classMD5Defines.h">
      <Filter>Header Files</Filter>
    </ClInclude>
    <ClInclude Include="..\Client\Util\classSTB.h">
      <Filter>Header Files</Filter>
    </ClInclude>
    <ClInclude Include="..\Client\Util\classSTR.h">
      <Filter>Header Files</Filter>
    </ClInclude>
    <ClInclude Include="..\Client\Util\classTIME.h">
      <Filter>Header Files</Filter>
    </ClInclude>
    <ClInclude Include="..\Client\Util\classUTIL.h">
      <Filter>Header Files</Filter>
    </ClInclude>
    <ClInclude Include="..\Client\Util\CMMPlayer.h">
      <Filter>Header Files</Filter>
    </ClInclude>
    <ClInclude Include="CWaveFILE.h">
      <Filter>Header Files</Filter>
    </ClInclude>
    <ClInclude Include="..\Client\Util\DLLIST.h">
      <Filter>Header Files</Filter>
    </ClInclude>
    <ClInclude Include="DynamicData.h">
      <Filter>Header Files</Filter>
    </ClInclude>
    <ClInclude Include="LIB_IJL.h">
      <Filter>Header Files</Filter>
    </ClInclude>
    <ClInclude Include="LIB_Util.h">
      <Filter>Header Files</Filter>
    </ClInclude>
    <ClInclude Include="..\Client\Util\SLLIST.h">
      <Filter>Header Files</Filter>
    </ClInclude>
  </ItemGroup>
  <ItemGroup>
    <ClCompile Include="CBITArray.cpp">
      <Filter>Source Files</Filter>
    </ClCompile>
    <ClCompile Include="cdxHPC.cpp">
      <Filter>Source Files</Filter>
    </ClCompile>
    <ClCompile Include="classCRC.cpp">
      <Filter>Source Files</Filter>
    </ClCompile>
    <ClCompile Include="classFile.cpp">
      <Filter>Source Files</Filter>
    </ClCompile>
    <ClCompile Include="classHASH.cpp">
      <Filter>Source Files</Filter>
    </ClCompile>
    <ClCompile Include="classHTTP.cpp">
      <Filter>Source Files</Filter>
    </ClCompile>
    <ClCompile Include="classIME.cpp">
      <Filter>Source Files</Filter>
    </ClCompile>
    <ClCompile Include="classLOG.cpp">
      <Filter>Source Files</Filter>
    </ClCompile>
    <ClCompile Include="classMD5.cpp">
      <Filter>Source Files</Filter>
    </ClCompile>
    <ClCompile Include="classSTB.cpp">
      <Filter>Source Files</Filter>
    </ClCompile>
    <ClCompile Include="classSTR.cpp">
      <Filter>Source Files</Filter>
    </ClCompile>
    <ClCompile Include="classSYS.cpp">
      <Filter>Source Files</Filter>
    </ClCompile>
    <ClCompile Include="classTIME.cpp">
      <Filter>Source Files</Filter>
    </ClCompile>
    <ClCompile Include="classUTIL.cpp">
      <Filter>Source Files</Filter>
    </ClCompile>
    <ClCompile Include="CProcess.cpp">
      <Filter>Source Files</Filter>
    </ClCompile>
    <ClCompile Include="CRandom.cpp">
      <Filter>Source Files</Filter>
    </ClCompile>
    <ClCompile Include="LIB_IJL.cpp">
      <Filter>Source Files</Filter>
    </ClCompile>
    <ClCompile Include="CClientSOCKET.cpp">
      <Filter>Source Files\Network</Filter>
    </ClCompile>
    <ClCompile Include="CPacketCODEC.cpp">
      <Filter>Source Files\Network</Filter>
    </ClCompile>
    <ClCompile Include="CRawSOCKET.cpp">
      <Filter>Source Files\Network</Filter>
    </ClCompile>
    <ClCompile Include="CshoSOCKET.cpp">
      <Filter>Source Files\Network</Filter>
    </ClCompile>
    <ClCompile Include="CSocket.cpp">
      <Filter>Source Files\Network</Filter>
    </ClCompile>
    <ClCompile Include="CSocketWND.cpp">
      <Filter>Source Files\Network</Filter>
    </ClCompile>
    <ClCompile Include="PacketHEADER.cpp">
      <Filter>Source Files\Network</Filter>
    </ClCompile>
    <ClCompile Include="classSYNCOBJ.cpp">
      <Filter>Source Files\Thread</Filter>
    </ClCompile>
    <ClCompile Include="classTHREAD.cpp">
      <Filter>Source Files\Thread</Filter>
    </ClCompile>
    <ClCompile Include="classTRACE.cpp">
      <Filter>Source Files\Trace</Filter>
    </ClCompile>
  </ItemGroup>
</Project>